
Microsoft Visual Studio Solution File, Format Version 12.00
# Visual Studio Version 17
VisualStudioVersion = 17.8.34408.163
MinimumVisualStudioVersion = 10.0.40219.1
Project("{FAE04EC0-301F-11D3-BF4B-00C04F79EFBC}") = "Simulated File System", "Simulated File System.csproj", "{B003BD21-3B06-4B62-9701-8E7E56105FBE}"
EndProject
Global
	GlobalSection(SolutionConfigurationPlatforms) = preSolution
		Debug|Any CPU = Debug|Any CPU
		Release|Any CPU = Release|Any CPU
	EndGlobalSection
	GlobalSection(ProjectConfigurationPlatforms) = postSolution
		{B003BD21-3B06-4B62-9701-8E7E56105FBE}.Debug|Any CPU.ActiveCfg = Debug|Any CPU
		{B003BD21-3B06-4B62-9701-8E7E56105FBE}.Debug|Any CPU.Build.0 = Debug|Any CPU
		{B003BD21-3B06-4B62-9701-8E7E56105FBE}.Release|Any CPU.ActiveCfg = Release|Any CPU
		{B003BD21-3B06-4B62-9701-8E7E56105FBE}.Release|Any CPU.Build.0 = Release|Any CPU
	EndGlobalSection
	GlobalSection(SolutionProperties) = preSolution
		HideSolutionNode = FALSE
	EndGlobalSection
	GlobalSection(ExtensibilityGlobals) = postSolution
		SolutionGuid = {684CD16F-5760-4A4D-AFA3-219E7B7B3DA3}
	EndGlobalSection
EndGlobal
